github.com/aws/aws-sdk-go-v2 v1.43.7 h1:msCzvkeYJA9ehbV8mRRmkZLo/zJg/+yDVLNtflg83hQ=
github.com/aws/aws-sdk-go-v2 v1.43.7/go.mod h1:tXpPM+v0D1lndmga+HqqLDIzUFJlEeR21aspVklHF00=
github.com/aws/aws-sdk-go-v2/aws/protocol/eventstream v1.7.18 h1:LAfOuhAH331fmOjTQpAaOlH+Ftn7RzSDJ2VFwjdMMy4=
github.com/aws/aws-sdk-go-v2/aws/protocol/eventstream v1.7.18/go.mod h1:4e5xhuXHx1e4U9EthvbPP1r/DIMp5c2823OL8karzcM=
github.com/aws/aws-sdk-go-v2/config v1.32.38 h1:n4yPHBjtQ3BrIIUyk0/LAqf/BL2iv0Tw6XZcMRzM0ps=
github.com/aws/aws-sdk-go-v2/config v1.32.38/go.mod h1:dencYsOS1R7rBy8zehCvwBYzdxxL4Q/nRK7In03wjN8=
github.com/aws/aws-sdk-go-v2/credentials v1.19.37 h1:FJ8Iz4/xISMB/rwLlgfWujfGDFWr0oneQgtA6KPcYLY=
github.com/aws/aws-sdk-go-v2/credentials v1.19.37/go.mod h1:Q6pWOgVUp49x4g5QVi29wHofUoICnZ+Zq4jHbRN/7ec=
github.com/aws/aws-sdk-go-v2/feature/ec2/imds v1.18.38 h1:Nqo2jU1wz5rnBM9XQyXfVD1RP8txkbP3EDx8hR/hbCE=
github.com/aws/aws-sdk-go-v2/feature/ec2/imds v1.18.38/go.mod h1:PzJFHhjR2vWFKHe8HmY5Lxhvwyxnr5MERtk0nDxWNbk=
github.com/aws/aws-sdk-go-v2/feature/s3/manager v1.17.75 h1:S61/E3N01oral6B3y9hZ2E1iFDqCZPPOBoBQretCnBI=
github.com/aws/aws-sdk-go-v2/feature/s3/manager v1.17.75/go.mod h1:bDMQbkI1vJbNjnvJYpPTSNYBkI/VIv18ngWb/K84tkk=
github.com/aws/aws-sdk-go-v2/internal/configsources v1.4.38 h1:MBMg0zJ6i4TkAJ0dVFLKKn2cOkY6FkicmUDM67BRr6g=
github.com/aws/aws-sdk-go-v2/internal/configsources v1.4.38/go.mod h1:9MWuJbyiUyj6eA7W1/zm1zuePDPSB3g+xcgRQeMWsXc=
github.com/aws/aws-sdk-go-v2/internal/endpoints/v2 v2.7.38 h1:lHm4jPf3k1Lz5ZWc+Vcn3MKVwym+26kWCba9FkJ4f0Y=
github.com/aws/aws-sdk-go-v2/internal/endpoints/v2 v2.7.38/go.mod h1:Rn+P2XR+FbyZzjmWKjg/KUZNxmGfr5oZwh5jQiE+CzI=
github.com/aws/aws-sdk-go-v2/internal/v4a v1.4.39 h1:vo4xvMRs/F6h1E52qsgLqCQgWIQXgIJUauG6rlZEh4U=
github.com/aws/aws-sdk-go-v2/internal/v4a v1.4.39/go.mod h1:jB03R1ij/A+OE2e1dz6vgj076gd7vlYcfstAzj3HcnU=
github.com/aws/aws-sdk-go-v2/service/internal/accept-encoding v1.13.17 h1:OvYZOB3qA6zvfdRFiRFRzVSiElMYrz3GdntkXZxlp1o=
github.com/aws/aws-sdk-go-v2/service/internal/accept-encoding v1.13.17/go.mod h1:JgR/2Ew50ACfIWau1oeMRX59tMtC0kM+PYQGEaT04cY=
github.com/aws/aws-sdk-go-v2/service/internal/checksum v1.9.31 h1:uZOinZb+h7lZw8IYzP1z1IuEnueB76/EFkcf/fEW4Ag=
github.com/aws/aws-sdk-go-v2/service/internal/checksum v1.9.31/go.mod h1:NRtwAM/p5VRt03TlEUs0pH3TeWamWdf4YyJpSrzPYLc=
github.com/aws/aws-sdk-go-v2/service/internal/presigned-url v1.13.38 h1:H/5TI1jqaHsNoDQ60UwvPvJBg4GURkinXI3Qga29t2w=
github.com/aws/aws-sdk-go-v2/service/internal/presigned-url v1.13.38/go.mod h1:PTVFf+XH++7NJOky+RLBYQx0QA5NcaeEYFQ2fsi0nwo=
github.com/aws/aws-sdk-go-v2/service/internal/s3shared v1.19.39 h1:HLPAVrlLDaN2boN0xJx7MgaQDNEO3Q+c9L6kl/8m47Q=
github.com/aws/aws-sdk-go-v2/service/internal/s3shared v1.19.39/go.mod h1:Pg/dVfsNkm1hsIDK/gMvCKtmyNfNTV12mrgHqVE/6Oo=
github.com/aws/aws-sdk-go-v2/service/s3 v1.107.3 h1:IKoCZqfWfZzSBi16QFQ+QcbQ3LRQ7QgB1S5tDAyPBQQ=
github.com/aws/aws-sdk-go-v2/service/s3 v1.107.3/go.mod h1:RBpRcXiM4s2pOInVs32GsBonnje+fiAj4mcrStRmlCA=
github.com/aws/aws-sdk-go-v2/service/signin v1.5.7 h1:YcczQ6zNH/ojIzD/ikDrO+RfW06wmdMp18d4NH5hXY4=
github.com/aws/aws-sdk-go-v2/service/signin v1.5.7/go.mod h1:nl9RVnb9ulgAYzOkjLq1NyFxmWcnH2maCUEuOdESy98=
github.com/aws/aws-sdk-go-v2/service/sso v1.33.7 h1:P+bMNiA93gyuYT3Oh+4dWtvrnGcu2bd9Uy5hRJM8BNo=
github.com/aws/aws-sdk-go-v2/service/sso v1.33.7/go.mod h1:zy+397isDFLvleg9H18Zq2MGzMso7uKyJyzR7DWSgFk=
github.com/aws/aws-sdk-go-v2/service/ssooidc v1.38.7 h1:WWkehGZ4nWtOKLMy0yi8+RqzzVqAGe60hGaxwF06JAw=
github.com/aws/aws-sdk-go-v2/service/ssooidc v1.38.7/go.mod h1:T8AI4SbQYm9ybcVmki2T3n7Qg1g3kfWoeQlNwNYOyO8=
github.com/aws/aws-sdk-go-v2/service/sts v1.45.7 h1:yU/9y2r7s9kSUPbHXbpQTa4LA8kt+CMgpu1OBrhx8p4=
github.com/aws/aws-sdk-go-v2/service/sts v1.45.7/go.mod h1:0lQTDEBArMevQXpxu443LVGjKxxEeSsSnrw9n8YiTMg=
github.com/aws/smithy-go v1.27.8 h1:FR0dxZfIlV7Z8eh2iHfIofdunw382XsDV3Mxt9nUvRY=
github.com/aws/smithy-go v1.27.8/go.mod h1:YE2RhdIuDbA5E5bTdciG9KrW3+TiEONeUWCqxX9i1Fc=
github.com/cevatbarisyilmaz/ara v0.0.4 h1:SGH10hXpBJhhTlObuZzTuFn1rrdmjQImITXnZVPSodc=
github.com/cevatbarisyilmaz/ara v0.0.4/go.mod h1:BfFOxnUd6Mj6xmcvRxHN3Sr21Z1T3U2MYkYOmoQe4Ts=
github.com/davecgh/go-spew v1.1.0 h1:ZDRjVQ15GmhC3fiQ8ni8+OwkZQO4DARzQgrnXU1Liz8=
github.com/davecgh/go-spew v1.1.0/go.mod h1:J7Y8YcW2NihsgmVo/mv3lAwl/skON4iLHjSsI+c5H38=
github.com/johannesboyne/gofakes3 v1.2.0 h1:I9VEzPWvvAUAGzDlhYFoZjF0AXMlkcEyZlmBwiI6Oms=
github.com/johannesboyne/gofakes3 v1.2.0/go.mod h1:UHhRZRod9rENGFrUWTYnQHZqlNgSmjOq8DaD/ATQYRM=
github.com/pmezard/go-difflib v1.0.0 h1:4DBwDE0NGyQoBHbLQYPwSUPoCMWR5BEzIk/f1lZbAQM=
github.com/pmezard/go-difflib v1.0.0/go.mod h1:iKH77koFhYxTK1pcRnkKkqfTogsbg7gZNVY4sRDYZ/4=
github.com/ryszard/goskiplist v0.0.0-20150312221310-2dfbae5fcf46 h1:GHRpF1pTW19a8tTFrMLUcfWwyC0pnifVo2ClaLq+hP8=
github.com/ryszard/goskiplist v0.0.0-20150312221310-2dfbae5fcf46/go.mod h1:uAQ5PCi+MFsC7HjREoAz1BU+Mq60+05gifQSsHSDG/8=
github.com/spf13/afero v1.2.1 h1:qgMbHoJbPbw579P+1zVY+6n4nIFuIchaIjzZ/I/Yq8M=
github.com/spf13/afero v1.2.1/go.mod h1:9ZxEEn6pIJ8Rxe320qSDBk6AsU0r9pR7Q4OcevTdifk=
github.com/stretchr/testify v1.5.1 h1:nOGnQDM7FYENwehXlg/kFVnos3rEvtKTjRvOWSzb6H4=
github.com/stretchr/testify v1.5.1/go.mod h1:5W2xD1RspED5o8YsWQXVCued0rvSQ+mT+I5cxcmMvtA=
go.etcd.io/bbolt v1.3.5 h1:XAzx9gjCb0Rxj7EoqcClPD1d5ZBxZJk0jbuoPHenBt0=
go.etcd.io/bbolt v1.3.5/go.mod h1:G5EMThwa9y8QZGBClrRx5EY+Yw9kAhnjy3bSjsnlVTQ=
go.shabbyrobe.org/gocovmerge v0.0.0-20230507111327-fa4f82cfbf4d h1:Ns9kd1Rwzw7t0BR8XMphenji4SmIoNZPn8zhYmaVKP8=
go.shabbyrobe.org/gocovmerge v0.0.0-20230507111327-fa4f82cfbf4d/go.mod h1:92Uoe3l++MlthCm+koNi0tcUCX3anayogF0Pa/sp24k=
golang.org/x/sys v0.7.0 h1:3jlCCIQZPdOYu1h8BkNvLz8Kgwtae2cagcG/VamtZRU=
golang.org/x/sys v0.7.0/go.mod h1:oPkhp1MJrh7nUepCBck5+mAzfO9JrbApNNgaTdGDITg=
golang.org/x/text v0.9.0 h1:2sjJmO8cDvYveuX97RDLsxlyUxLl+GHoLxBiRdHllBE=
golang.org/x/text v0.9.0/go.mod h1:e1OnstbJyHTd6l/uOt8jFFHp6TRDWZR/bV3emEE/zU8=
golang.org/x/tools v0.8.0 h1:vSDcovVPld282ceKgDimkRSC8kpaH1dgyc9UMzlt84Y=
golang.org/x/tools v0.8.0/go.mod h1:JxBZ99ISMI5ViVkT1tr6tdNmXeTrcpVSD3vZ1RsRdN4=
gopkg.in/mgo.v2 v2.0.0-20180705113604-9856a29383ce h1:xcEWjVhvbDy+nHP67nPDDpbYrY+ILlfndk4bRioVHaU=
gopkg.in/mgo.v2 v2.0.0-20180705113604-9856a29383ce/go.mod h1:yeKp02qBN3iKW1OzL3MGk2IdtZzaj7SFntXj72NppTA=
gopkg.in/yaml.v2 v2.2.8 h1:obN1ZagJSUGI0Ek/LBmuj4SNLPfIny3KsKFopxRdj10=
gopkg.in/yaml.v2 v2.2.8/go.mod h1:hI93XBmqTisBFMUTm0b8Fm+jr3Dg1NNxqwp+5A1VGuI=
